{
  "name": "relate-pricing",
  "version": "1.0.0",
  "lockfileVersion": 1,
  "requires": true,
  "dependencies": {
    "tslint-lines-between-class-members": {
      "version": "1.3.6",
      "resolved": "https://registry.npmjs.org/tslint-lines-between-class-members/-/tslint-lines-between-class-members-1.3.6.tgz",
      "integrity": "sha512-g9bxloPZVrkZLxLl+auqxWpZ4QJPTQLZocQN1zeD01pZOiH1m1OjDKwhDRjJD17IVsdTXd2M/Wp1+A9tfLr1Iw==",
      "dev": true
    }
  }
}
