{
  "name": "web-dev-junkie",
  "version": "1.0.0",
  "lockfileVersion": 1,
  "requires": true,
  "dependencies": {
    "gsap": {
      "version": "3.1.0",
      "resolved": "https://registry.npmjs.org/gsap/-/gsap-3.1.0.tgz",
      "integrity": "sha512-hSJlhcCHxabWRIAIOs3z9Ghj2tzVzmzg0egHHfWqE+xNQ65Nk8QENCFmTrN+2M5TIY6GcGc1oHQySR4PMiSsUg=="
    }
  }
}
