{
  "name": "gsap-animation",
  "version": "1.0.0",
  "lockfileVersion": 1,
  "requires": true,
  "dependencies": {
    "gsap": {
      "version": "3.0.5",
      "resolved": "https://registry.npmjs.org/gsap/-/gsap-3.0.5.tgz",
      "integrity": "sha512-TpIeFoIU8x+46/RGTD/qY+jUAnxcPgqxwOZtJ0YZSaLoL5JR87tyH8p3X02ZnYrMpE0Tt9cOA3ueiWhCVuRv1A=="
    }
  }
}
